Microsoft Visual Studio Solution File, Format Version 12.00
# Visual Studio Version 18
VisualStudioVersion = 18.0.11222.15 d18.0
MinimumVisualStudioVersion = 10.0.40219.1
Project("{9A19103F-16F7-4668-BE54-9A1E7A4F7556}") = "ListFolders", "ListFolders.csproj", "{7C76B747-F1F3-40D0-9587-F0EFDD8B12CC}"
EndProject
Project("{FAE04EC0-301F-11D3-BF4B-00C04F79EFBC}") = "TestProject1", "..\TestProject1\TestProject1.csproj", "{6E5D5C29-8AAB-40D3-905D-8AF0BDA3ABE8}"
EndProject
Project("{FAE04EC0-301F-11D3-BF4B-00C04F79EFBC}") = "FolderList.Xml", "..\FolderList.Xml\FolderList.Xml.csproj", "{01F0039D-8B7B-9695-725F-244E343A42B4}"
EndProject
Global
	GlobalSection(SolutionConfigurationPlatforms) = preSolution
		Debug|Any CPU = Debug|Any CPU
		Debug|x64 = Debug|x64
		Release|Any CPU = Release|Any CPU
		Release|x64 = Release|x64
	EndGlobalSection
	GlobalSection(ProjectConfigurationPlatforms) = postSolution
		{7C76B747-F1F3-40D0-9587-F0EFDD8B12CC}.Debug|Any CPU.ActiveCfg = Debug|x64
		{7C76B747-F1F3-40D0-9587-F0EFDD8B12CC}.Debug|Any CPU.Build.0 = Debug|x64
		{7C76B747-F1F3-40D0-9587-F0EFDD8B12CC}.Debug|x64.ActiveCfg = Debug|x64
		{7C76B747-F1F3-40D0-9587-F0EFDD8B12CC}.Debug|x64.Build.0 = Debug|x64
		{7C76B747-F1F3-40D0-9587-F0EFDD8B12CC}.Release|Any CPU.ActiveCfg = Debug|x64
		{7C76B747-F1F3-40D0-9587-F0EFDD8B12CC}.Release|Any CPU.Build.0 = Debug|x64
		{7C76B747-F1F3-40D0-9587-F0EFDD8B12CC}.Release|x64.ActiveCfg = Debug|x64
		{7C76B747-F1F3-40D0-9587-F0EFDD8B12CC}.Release|x64.Build.0 = Debug|x64
		{6E5D5C29-8AAB-40D3-905D-8AF0BDA3ABE8}.Debug|Any CPU.ActiveCfg = Debug|x64
		{6E5D5C29-8AAB-40D3-905D-8AF0BDA3ABE8}.Debug|x64.ActiveCfg = Debug|x64
		{6E5D5C29-8AAB-40D3-905D-8AF0BDA3ABE8}.Debug|x64.Build.0 = Debug|x64
		{6E5D5C29-8AAB-40D3-905D-8AF0BDA3ABE8}.Release|Any CPU.ActiveCfg = Release|x64
		{6E5D5C29-8AAB-40D3-905D-8AF0BDA3ABE8}.Release|x64.ActiveCfg = Release|x64
		{6E5D5C29-8AAB-40D3-905D-8AF0BDA3ABE8}.Release|x64.Build.0 = Release|x64
		{01F0039D-8B7B-9695-725F-244E343A42B4}.Debug|Any CPU.ActiveCfg = Debug|Any CPU
		{01F0039D-8B7B-9695-725F-244E343A42B4}.Debug|Any CPU.Build.0 = Debug|Any CPU
		{01F0039D-8B7B-9695-725F-244E343A42B4}.Debug|x64.ActiveCfg = Debug|Any CPU
		{01F0039D-8B7B-9695-725F-244E343A42B4}.Debug|x64.Build.0 = Debug|Any CPU
		{01F0039D-8B7B-9695-725F-244E343A42B4}.Release|Any CPU.ActiveCfg = Release|Any CPU
		{01F0039D-8B7B-9695-725F-244E343A42B4}.Release|Any CPU.Build.0 = Release|Any CPU
		{01F0039D-8B7B-9695-725F-244E343A42B4}.Release|x64.ActiveCfg = Release|Any CPU
		{01F0039D-8B7B-9695-725F-244E343A42B4}.Release|x64.Build.0 = Release|Any CPU
	EndGlobalSection
	GlobalSection(SolutionProperties) = preSolution
		HideSolutionNode = FALSE
	EndGlobalSection
	GlobalSection(ExtensibilityGlobals) = postSolution
		SolutionGuid = {A7063F55-9025-4629-8F53-F86E1D165DF6}
	EndGlobalSection
EndGlobal
